
Microsoft Visual Studio Solution File, Format Version 12.00
# Visual Studio Version 16
VisualStudioVersion = 16.0.31205.134
MinimumVisualStudioVersion = 10.0.40219.1
Project("{FAE04EC0-301F-11D3-BF4B-00C04F79EFBC}") = "clones'Attak", "clones'Attak\clones'Attak.csproj", "{CDB780F8-4834-4339-B6BD-646039E6B19D}"
EndProject
Global
	GlobalSection(SolutionConfigurationPlatforms) = preSolution
		Debug|Any CPU = Debug|Any CPU
		Release|Any CPU = Release|Any CPU
	EndGlobalSection
	GlobalSection(ProjectConfigurationPlatforms) = postSolution
		{CDB780F8-4834-4339-B6BD-646039E6B19D}.Debug|Any CPU.ActiveCfg = Debug|Any CPU
		{CDB780F8-4834-4339-B6BD-646039E6B19D}.Debug|Any CPU.Build.0 = Debug|Any CPU
		{CDB780F8-4834-4339-B6BD-646039E6B19D}.Release|Any CPU.ActiveCfg = Release|Any CPU
		{CDB780F8-4834-4339-B6BD-646039E6B19D}.Release|Any CPU.Build.0 = Release|Any CPU
	EndGlobalSection
	GlobalSection(SolutionProperties) = preSolution
		HideSolutionNode = FALSE
	EndGlobalSection
	GlobalSection(ExtensibilityGlobals) = postSolution
		SolutionGuid = {8ED7036B-083A-4DEE-B23B-F9E3483A038D}
	EndGlobalSection
EndGlobal
