
Microsoft Visual Studio Solution File, Format Version 12.00
# Visual Studio Version 16
VisualStudioVersion = 16.0.31205.134
MinimumVisualStudioVersion = 10.0.40219.1
Project("{FAE04EC0-301F-11D3-BF4B-00C04F79EFBC}") = "the biggest", "the biggest\the biggest.csproj", "{F5427463-F8BA-4229-A56A-F2003E87EC94}"
EndProject
Global
	GlobalSection(SolutionConfigurationPlatforms) = preSolution
		Debug|Any CPU = Debug|Any CPU
		Release|Any CPU = Release|Any CPU
	EndGlobalSection
	GlobalSection(ProjectConfigurationPlatforms) = postSolution
		{F5427463-F8BA-4229-A56A-F2003E87EC94}.Debug|Any CPU.ActiveCfg = Debug|Any CPU
		{F5427463-F8BA-4229-A56A-F2003E87EC94}.Debug|Any CPU.Build.0 = Debug|Any CPU
		{F5427463-F8BA-4229-A56A-F2003E87EC94}.Release|Any CPU.ActiveCfg = Release|Any CPU
		{F5427463-F8BA-4229-A56A-F2003E87EC94}.Release|Any CPU.Build.0 = Release|Any CPU
	EndGlobalSection
	GlobalSection(SolutionProperties) = preSolution
		HideSolutionNode = FALSE
	EndGlobalSection
	GlobalSection(ExtensibilityGlobals) = postSolution
		SolutionGuid = {4D01F030-A455-482E-89A6-13DB7B8296C1}
	EndGlobalSection
EndGlobal
